
Microsoft Visual Studio Solution File, Format Version 12.00
# Visual Studio 2015
Project("{FAE04EC0-301F-11D3-BF4B-00C04F79EFBC}") = "3308 Project", "3308 Project.csproj", "{9C02B94C-8EAD-4E31-A405-CB3DB683BDFA}"
EndProject
Global
	GlobalSection(SolutionConfigurationPlatforms) = preSolution
		Debug|Any CPU = Debug|Any CPU
		Release|Any CPU = Release|Any CPU
	EndGlobalSection
	GlobalSection(ProjectConfigurationPlatforms) = postSolution
		{9C02B94C-8EAD-4E31-A405-CB3DB683BDFA}.Debug|Any CPU.ActiveCfg = Debug|Any CPU
		{9C02B94C-8EAD-4E31-A405-CB3DB683BDFA}.Debug|Any CPU.Build.0 = Debug|Any CPU
		{9C02B94C-8EAD-4E31-A405-CB3DB683BDFA}.Release|Any CPU.ActiveCfg = Release|Any CPU
		{9C02B94C-8EAD-4E31-A405-CB3DB683BDFA}.Release|Any CPU.Build.0 = Release|Any CPU
	EndGlobalSection
	GlobalSection(SolutionProperties) = preSolution
		HideSolutionNode = FALSE
	EndGlobalSection
EndGlobal
